# This file is @generated by PDM.
# It is not intended for manual editing.

[metadata]
groups = ["default"]
strategy = ["inherit_metadata"]
lock_version = "4.5.0"
content_hash = "sha256:fe983e2736e0d7b37d045c05a374f49acbc57ff2173e7df65b0023a01ebea21c"

[[metadata.targets]]
requires_python = ">=3.11"

[[package]]
name = "beautifulsoup4"
version = "4.12.3"
requires_python = ">=3.6.0"
summary = "Screen-scraping library"
groups = ["default"]
dependencies = [
    "soupsieve>1.2",
]
files = [
    {file = "beautifulsoup4-4.12.3-py3-none-any.whl", hash = "sha256:b80878c9f40111313e55da8ba20bdba06d8fa3969fc68304167741bbf9e082ed"},
    {file = "beautifulsoup4-4.12.3.tar.gz", hash = "sha256:74e3d1928edc070d21748185c46e3fb33490f22f52a3addee9aee0f4f7781051"},
]

[[package]]
name = "colorama"
version = "0.4.6"
requires_python = "!=3.0.*,!=3.1.*,!=3.2.*,!=3.3.*,!=3.4.*,!=3.5.*,!=3.6.*,>=2.7"
summary = "Cross-platform colored terminal text."
groups = ["default"]
marker = "platform_system == \"Windows\""
files = [
    {file = "colorama-0.4.6-py2.py3-none-any.whl", hash = "sha256:4f1d9991f5acc0ca119f9d443620b77f9d6b33703e51011c16baf57afb285fc6"},
    {file = "colorama-0.4.6.tar.gz", hash = "sha256:08695f5cb7ed6e0531a20572697297273c47b8cae5a63ffc6d6ed5c201be6e44"},
]

[[package]]
name = "lxml"
version = "5.2.2"
requires_python = ">=3.6"
summary = "Powerful and Pythonic XML processing library combining libxml2/libxslt with the ElementTree API."
groups = ["default"]
files = [
    {file = "lxml-5.2.2-cp311-cp311-macosx_10_9_universal2.whl", hash = "sha256:45f9494613160d0405682f9eee781c7e6d1bf45f819654eb249f8f46a2c22545"},
    {file = "lxml-5.2.2-cp311-cp311-macosx_10_9_x86_64.whl", hash = "sha256:b0b3f2df149efb242cee2ffdeb6674b7f30d23c9a7af26595099afaf46ef4e88"},
    {file = "lxml-5.2.2-cp311-cp311-manylinux_2_12_i686.manylinux2010_i686.manylinux_2_17_i686.manylinux2014_i686.whl", hash = "sha256:d28cb356f119a437cc58a13f8135ab8a4c8ece18159eb9194b0d269ec4e28083"},
    {file = "lxml-5.2.2-cp311-cp311-manylinux_2_17_aarch64.manylinux2014_aarch64.whl", hash = "sha256:657a972f46bbefdbba2d4f14413c0d079f9ae243bd68193cb5061b9732fa54c1"},
    {file = "lxml-5.2.2-cp311-cp311-manylinux_2_17_ppc64le.manylinux2014_ppc64le.whl", hash = "sha256:b74b9ea10063efb77a965a8d5f4182806fbf59ed068b3c3fd6f30d2ac7bee734"},
    {file = "lxml-5.2.2-cp311-cp311-manylinux_2_17_s390x.manylinux2014_s390x.whl", hash = "sha256:07542787f86112d46d07d4f3c4e7c760282011b354d012dc4141cc12a68cef5f"},
    {file = "lxml-5.2.2-cp311-cp311-manylinux_2_17_x86_64.manylinux2014_x86_64.whl", hash = "sha256:303f540ad2dddd35b92415b74b900c749ec2010e703ab3bfd6660979d01fd4ed"},
    {file = "lxml-5.2.2-cp311-cp311-manylinux_2_28_aarch64.whl", hash = "sha256:2eb2227ce1ff998faf0cd7fe85bbf086aa41dfc5af3b1d80867ecfe75fb68df3"},
    {file = "lxml-5.2.2-cp311-cp311-manylinux_2_28_ppc64le.whl", hash = "sha256:1d8a701774dfc42a2f0b8ccdfe7dbc140500d1049e0632a611985d943fcf12df"},
    {file = "lxml-5.2.2-cp311-cp311-manylinux_2_28_s390x.whl", hash = "sha256:56793b7a1a091a7c286b5f4aa1fe4ae5d1446fe742d00cdf2ffb1077865db10d"},
    {file = "lxml-5.2.2-cp311-cp311-manylinux_2_28_x86_64.whl", hash = "sha256:eb00b549b13bd6d884c863554566095bf6fa9c3cecb2e7b399c4bc7904cb33b5"},
    {file = "lxml-5.2.2-cp311-cp311-musllinux_1_1_aarch64.whl", hash = "sha256:1a2569a1f15ae6c8c64108a2cd2b4a858fc1e13d25846be0666fc144715e32ab"},
    {file = "lxml-5.2.2-cp311-cp311-musllinux_1_1_ppc64le.whl", hash = "sha256:8cf85a6e40ff1f37fe0f25719aadf443686b1ac7652593dc53c7ef9b8492b115"},
    {file = "lxml-5.2.2-cp311-cp311-musllinux_1_1_s390x.whl", hash = "sha256:d237ba6664b8e60fd90b8549a149a74fcc675272e0e95539a00522e4ca688b04"},
    {file = "lxml-5.2.2-cp311-cp311-musllinux_1_1_x86_64.whl", hash = "sha256:0b3f5016e00ae7630a4b83d0868fca1e3d494c78a75b1c7252606a3a1c5fc2ad"},
    {file = "lxml-5.2.2-cp311-cp311-musllinux_1_2_aarch64.whl", hash = "sha256:23441e2b5339bc54dc949e9e675fa35efe858108404ef9aa92f0456929ef6fe8"},
    {file = "lxml-5.2.2-cp311-cp311-musllinux_1_2_ppc64le.whl", hash = "sha256:2fb0ba3e8566548d6c8e7dd82a8229ff47bd8fb8c2da237607ac8e5a1b8312e5"},
    {file = "lxml-5.2.2-cp311-cp311-musllinux_1_2_s390x.whl", hash = "sha256:79d1fb9252e7e2cfe4de6e9a6610c7cbb99b9708e2c3e29057f487de5a9eaefa"},
    {file = "lxml-5.2.2-cp311-cp311-musllinux_1_2_x86_64.whl", hash = "sha256:6dcc3d17eac1df7859ae01202e9bb11ffa8c98949dcbeb1069c8b9a75917e01b"},
    {file = "lxml-5.2.2-cp311-cp311-win32.whl", hash = "sha256:4c30a2f83677876465f44c018830f608fa3c6a8a466eb223535035fbc16f3438"},
    {file = "lxml-5.2.2-cp311-cp311-win_amd64.whl", hash = "sha256:49095a38eb333aaf44c06052fd2ec3b8f23e19747ca7ec6f6c954ffea6dbf7be"},
    {file = "lxml-5.2.2-cp312-cp312-macosx_10_9_universal2.whl", hash = "sha256:7429e7faa1a60cad26ae4227f4dd0459efde239e494c7312624ce228e04f6391"},
    {file = "lxml-5.2.2-cp312-cp312-macosx_10_9_x86_64.whl", hash = "sha256:50ccb5d355961c0f12f6cf24b7187dbabd5433f29e15147a67995474f27d1776"},
    {file = "lxml-5.2.2-cp312-cp312-manylinux_2_12_i686.manylinux2010_i686.manylinux_2_17_i686.manylinux2014_i686.whl", hash = "sha256:dc911208b18842a3a57266d8e51fc3cfaccee90a5351b92079beed912a7914c2"},
    {file = "lxml-5.2.2-cp312-cp312-manylinux_2_17_aarch64.manylinux2014_aarch64.whl", hash = "sha256:33ce9e786753743159799fdf8e92a5da351158c4bfb6f2db0bf31e7892a1feb5"},
    {file = "lxml-5.2.2-cp312-cp312-manylinux_2_17_ppc64le.manylinux2014_ppc64le.whl", hash = "sha256:ec87c44f619380878bd49ca109669c9f221d9ae6883a5bcb3616785fa8f94c97"},
    {file = "lxml-5.2.2-cp312-cp312-manylinux_2_17_s390x.manylinux2014_s390x.whl", hash = "sha256:08ea0f606808354eb8f2dfaac095963cb25d9d28e27edcc375d7b30ab01abbf6"},
    {file = "lxml-5.2.2-cp312-cp312-manylinux_2_17_x86_64.manylinux2014_x86_64.whl", hash = "sha256:75a9632f1d4f698b2e6e2e1ada40e71f369b15d69baddb8968dcc8e683839b18"},
    {file = "lxml-5.2.2-cp312-cp312-manylinux_2_28_aarch64.whl", hash = "sha256:74da9f97daec6928567b48c90ea2c82a106b2d500f397eeb8941e47d30b1ca85"},
    {file = "lxml-5.2.2-cp312-cp312-manylinux_2_28_ppc64le.whl", hash = "sha256:0969e92af09c5687d769731e3f39ed62427cc72176cebb54b7a9d52cc4fa3b73"},
    {file = "lxml-5.2.2-cp312-cp312-manylinux_2_28_s390x.whl", hash = "sha256:9164361769b6ca7769079f4d426a41df6164879f7f3568be9086e15baca61466"},
    {file = "lxml-5.2.2-cp312-cp312-manylinux_2_28_x86_64.whl", hash = "sha256:d26a618ae1766279f2660aca0081b2220aca6bd1aa06b2cf73f07383faf48927"},
    {file = "lxml-5.2.2-cp312-cp312-musllinux_1_1_aarch64.whl", hash = "sha256:ab67ed772c584b7ef2379797bf14b82df9aa5f7438c5b9a09624dd834c1c1aaf"},
    {file = "lxml-5.2.2-cp312-cp312-musllinux_1_1_ppc64le.whl", hash = "sha256:3d1e35572a56941b32c239774d7e9ad724074d37f90c7a7d499ab98761bd80cf"},
    {file = "lxml-5.2.2-cp312-cp312-musllinux_1_1_s390x.whl", hash = "sha256:8268cbcd48c5375f46e000adb1390572c98879eb4f77910c6053d25cc3ac2c67"},
    {file = "lxml-5.2.2-cp312-cp312-musllinux_1_1_x86_64.whl", hash = "sha256:e282aedd63c639c07c3857097fc0e236f984ceb4089a8b284da1c526491e3f3d"},
    {file = "lxml-5.2.2-cp312-cp312-musllinux_1_2_aarch64.whl", hash = "sha256:6dfdc2bfe69e9adf0df4915949c22a25b39d175d599bf98e7ddf620a13678585"},
    {file = "lxml-5.2.2-cp312-cp312-musllinux_1_2_ppc64le.whl", hash = "sha256:4aefd911793b5d2d7a921233a54c90329bf3d4a6817dc465f12ffdfe4fc7b8fe"},
    {file = "lxml-5.2.2-cp312-cp312-musllinux_1_2_s390x.whl", hash = "sha256:8b8df03a9e995b6211dafa63b32f9d405881518ff1ddd775db4e7b98fb545e1c"},
    {file = "lxml-5.2.2-cp312-cp312-musllinux_1_2_x86_64.whl", hash = "sha256:f11ae142f3a322d44513de1018b50f474f8f736bc3cd91d969f464b5bfef8836"},
    {file = "lxml-5.2.2-cp312-cp312-win32.whl", hash = "sha256:16a8326e51fcdffc886294c1e70b11ddccec836516a343f9ed0f82aac043c24a"},
    {file = "lxml-5.2.2-cp312-cp312-win_amd64.whl", hash = "sha256:bbc4b80af581e18568ff07f6395c02114d05f4865c2812a1f02f2eaecf0bfd48"},
    {file = "lxml-5.2.2.tar.gz", hash = "sha256:bb2dc4898180bea79863d5487e5f9c7c34297414bad54bcd0f0852aee9cfdb87"},
]

[[package]]
name = "soupsieve"
version = "2.5"
requires_python = ">=3.8"
summary = "A modern CSS selector implementation for Beautiful Soup."
groups = ["default"]
files = [
    {file = "soupsieve-2.5-py3-none-any.whl", hash = "sha256:eaa337ff55a1579b6549dc679565eac1e3d000563bcb1c8ab0d0fefbc0c2cdc7"},
    {file = "soupsieve-2.5.tar.gz", hash = "sha256:5663d5a7b3bfaeee0bc4372e7fc48f9cff4940b3eec54a6451cc5299f1097690"},
]

[[package]]
name = "tqdm"
version = "4.66.4"
requires_python = ">=3.7"
summary = "Fast, Extensible Progress Meter"
groups = ["default"]
dependencies = [
    "colorama; platform_system == \"Windows\"",
]
files = [
    {file = "tqdm-4.66.4-py3-none-any.whl", hash = "sha256:b75ca56b413b030bc3f00af51fd2c1a1a5eac6a0c1cca83cbb37a5c52abce644"},
    {file = "tqdm-4.66.4.tar.gz", hash = "sha256:e4d936c9de8727928f3be6079590e97d9abfe8d39a590be678eb5919ffc186bb"},
]
